# THIS IS AN AUTOGENERATED FILE. DO NOT EDIT THIS FILE DIRECTLY.
# yarn lockfile v1


"@types/node@*":
  version "16.4.10"
  resolved "https://registry.nlark.com/@types/node/download/@types/node-16.4.10.tgz#e57e2a54fc6da58da94b3571b1cb456d39f88597"
  integrity sha1-5X4qVPxtpY2pSzVxsctFbTn4hZc=

"@types/webidl-conversions@*":
  version "6.1.1"
  resolved "https://registry.nlark.com/@types/webidl-conversions/download/@types/webidl-conversions-6.1.1.tgz#e33bc8ea812a01f63f90481c666334844b12a09e"
  integrity sha1-4zvI6oEqAfY/kEgcZmM0hEsSoJ4=

"@types/whatwg-url@^8.0.0":
  version "8.2.1"
  resolved "https://registry.nlark.com/@types/whatwg-url/download/@types/whatwg-url-8.2.1.tgz#f1aac222dab7c59e011663a0cb0a3117b2ef05d4"
  integrity sha1-8arCItq3xZ4BFmOgywoxF7LvBdQ=
  dependencies:
    "@types/node" "*"
    "@types/webidl-conversions" "*"

base64-js@^1.3.1:
  version "1.5.1"
  resolved "https://registry.nlark.com/base64-js/download/base64-js-1.5.1.tgz#1b1b440160a5bf7ad40b650f095963481903930a"
  integrity sha1-GxtEAWClv3rUC2UPCVljSBkDkwo=

bson@^4.4.0:
  version "4.4.1"
  resolved "https://registry.nlark.com/bson/download/bson-4.4.1.tgz?cache=0&sync_timestamp=1625593618256&other_urls=https%3A%2F%2Fregistry.nlark.com%2Fbson%2Fdownload%2Fbson-4.4.1.tgz#682c3cb8b90b222414ce14ef8398154ba2cc21bc"
  integrity sha1-aCw8uLkLIiQUzhTvg5gVS6LMIbw=
  dependencies:
    buffer "^5.6.0"

buffer@^5.6.0:
  version "5.7.1"
  resolved "https://registry.npm.taobao.org/buffer/download/buffer-5.7.1.tgz#ba62e7c13133053582197160851a8f648e99eed0"
  integrity sha1-umLnwTEzBTWCGXFghRqPZI6Z7tA=
  dependencies:
    base64-js "^1.3.1"
    ieee754 "^1.1.13"

denque@^1.5.0:
  version "1.5.0"
  resolved "https://registry.nlark.com/denque/download/denque-1.5.0.tgz#773de0686ff2d8ec2ff92914316a47b73b1c73de"
  integrity sha1-dz3gaG/y2Owv+SkUMWpHtzscc94=

ieee754@^1.1.13:
  version "1.2.1"
  resolved "https://registry.nlark.com/ieee754/download/ieee754-1.2.1.tgz#8eb7a10a63fff25d15a57b001586d177d1b0d352"
  integrity sha1-jrehCmP/8l0VpXsAFYbRd9Gw01I=

lodash@^4.7.0:
  version "4.17.21"
  resolved "https://registry.nlark.com/lodash/download/lodash-4.17.21.tgz?cache=0&sync_timestamp=1624543041613&other_urls=https%3A%2F%2Fregistry.nlark.com%2Flodash%2Fdownload%2Flodash-4.17.21.tgz#679591c564c3bffaae8454cf0b3df370c3d6911c"
  integrity sha1-Z5WRxWTDv/quhFTPCz3zcMPWkRw=

memory-pager@^1.0.2:
  version "1.5.0"
  resolved "https://registry.npm.taobao.org/memory-pager/download/memory-pager-1.5.0.tgz#d8751655d22d384682741c972f2c3d6dfa3e66b5"
  integrity sha1-2HUWVdItOEaCdByXLyw9bfo+ZrU=

mongodb-connection-string-url@^1.0.1:
  version "1.1.0"
  resolved "https://registry.nlark.com/mongodb-connection-string-url/download/mongodb-connection-string-url-1.1.0.tgz#0bd769f16aa1767758c119c275ea22bb5110915f"
  integrity sha1-C9dp8WqhdndYwRnCdeoiu1EQkV8=
  dependencies:
    "@types/whatwg-url" "^8.0.0"
    whatwg-url "^8.4.0"

mongodb@^4.0.1:
  version "4.0.1"
  resolved "https://registry.nlark.com/mongodb/download/mongodb-4.0.1.tgz#e7fa8de3448492097b3c67a0d980c4816907aa83"
  integrity sha1-5/qN40SEkgl7PGeg2YDEgWkHqoM=
  dependencies:
    bson "^4.4.0"
    denque "^1.5.0"
    mongodb-connection-string-url "^1.0.1"
  optionalDependencies:
    saslprep "^1.0.0"

punycode@^2.1.1:
  version "2.1.1"
  resolved "https://registry.nlark.com/punycode/download/punycode-2.1.1.tgz?cache=0&sync_timestamp=1622604519710&other_urls=https%3A%2F%2Fregistry.nlark.com%2Fpunycode%2Fdownload%2Fpunycode-2.1.1.tgz#b58b010ac40c22c5657616c8d2c2c02c7bf479ec"
  integrity sha1-tYsBCsQMIsVldhbI0sLALHv0eew=

saslprep@^1.0.0:
  version "1.0.3"
  resolved "https://registry.npm.taobao.org/saslprep/download/saslprep-1.0.3.tgz#4c02f946b56cf54297e347ba1093e7acac4cf226"
  integrity sha1-TAL5RrVs9UKX40e6EJPnrKxM8iY=
  dependencies:
    sparse-bitfield "^3.0.3"

sparse-bitfield@^3.0.3:
  version "3.0.3"
  resolved "https://registry.npm.taobao.org/sparse-bitfield/download/sparse-bitfield-3.0.3.tgz#ff4ae6e68656056ba4b3e792ab3334d38273ca11"
  integrity sha1-/0rm5oZWBWuks+eSqzM004JzyhE=
  dependencies:
    memory-pager "^1.0.2"

tr46@^2.1.0:
  version "2.1.0"
  resolved "https://registry.nlark.com/tr46/download/tr46-2.1.0.tgz?cache=0&sync_timestamp=1621678122275&other_urls=https%3A%2F%2Fregistry.nlark.com%2Ftr46%2Fdownload%2Ftr46-2.1.0.tgz#fa87aa81ca5d5941da8cbf1f9b749dc969a4e240"
  integrity sha1-+oeqgcpdWUHajL8fm3SdyWmk4kA=
  dependencies:
    punycode "^2.1.1"

webidl-conversions@^6.1.0:
  version "6.1.0"
  resolved "https://registry.nlark.com/webidl-conversions/download/webidl-conversions-6.1.0.tgz#9111b4d7ea80acd40f5270d666621afa78b69514"
  integrity sha1-kRG01+qArNQPUnDWZmIa+ni2lRQ=

whatwg-url@^8.4.0:
  version "8.7.0"
  resolved "https://registry.nlark.com/whatwg-url/download/whatwg-url-8.7.0.tgz#656a78e510ff8f3937bc0bcbe9f5c0ac35941b77"
  integrity sha1-ZWp45RD/jzk3vAvL6fXArDWUG3c=
  dependencies:
    lodash "^4.7.0"
    tr46 "^2.1.0"
    webidl-conversions "^6.1.0"
